{
  "name": "phone-rules-gen",
  "version": "1.0.0",
  "lockfileVersion": 3,
  "requires": true,
  "packages": {
    "": {
      "name": "phone-rules-gen",
      "version": "1.0.0",
      "dependencies": {
        "libphonenumber-js": "^1.11.0"
      }
    },
    "node_modules/libphonenumber-js": {
      "version": "1.13.10",
      "resolved": "https://registry.npmjs.org/libphonenumber-js/-/libphonenumber-js-1.13.10.tgz",
      "integrity": "sha512-xJxrdqvbl2rtn2MaUJrUejz8J7/uZNC0V77oks2LxYrO/+ZtVpRmz+fEQMuu6VusnEB1fmpByiLS1WXecOnAnw=="
    }
  }
}
